
Microsoft Visual Studio Solution File, Format Version 12.00
# Visual Studio Version 16
VisualStudioVersion = 16.0.29020.237
MinimumVisualStudioVersion = 10.0.40219.1
Project("{FAE04EC0-301F-11D3-BF4B-00C04F79EFBC}") = "PCUClient", "PCUClient\PCUClient.csproj", "{D59EDFC6-2931-4443-98D0-07DF46E12327}"
EndProject
Global
	GlobalSection(SolutionConfigurationPlatforms) = preSolution
		Debug|Any CPU = Debug|Any CPU
		Release|Any CPU = Release|Any CPU
	EndGlobalSection
	GlobalSection(ProjectConfigurationPlatforms) = postSolution
		{D59EDFC6-2931-4443-98D0-07DF46E12327}.Debug|Any CPU.ActiveCfg = Debug|Any CPU
		{D59EDFC6-2931-4443-98D0-07DF46E12327}.Debug|Any CPU.Build.0 = Debug|Any CPU
		{D59EDFC6-2931-4443-98D0-07DF46E12327}.Release|Any CPU.ActiveCfg = Release|Any CPU
		{D59EDFC6-2931-4443-98D0-07DF46E12327}.Release|Any CPU.Build.0 = Release|Any CPU
	EndGlobalSection
	GlobalSection(SolutionProperties) = preSolution
		HideSolutionNode = FALSE
	EndGlobalSection
	GlobalSection(ExtensibilityGlobals) = postSolution
		SolutionGuid = {D51DBDA8-36CB-4B0C-A8A2-0D655370FFE7}
	EndGlobalSection
EndGlobal
